// !$*UTF8*$!
{
	archiveVersion = 1;
	classes = {
	};
	objectVersion = 46;
	objects = {

/* Begin PBXBuildFile section */
		9E16EAA61498D5E300D5C84D /* HSVideoViewController.m in Sources */ = {isa = PBXBuildFile; fileRef = 9E16EAA11498D5E300D5C84D /* HSVideoViewController.m */; };
		9E16EAA71498D5E300D5C84D /* PlaybackView.m in Sources */ = {isa = PBXBuildFile; fileRef = 9E16EAA31498D5E300D5C84D /* PlaybackView.m */; };
		9E16EAA81498D5E300D5C84D /* UpperControlBar.m in Sources */ = {isa = PBXBuildFile; fileRef = 9E16EAA51498D5E300D5C84D /* UpperControlBar.m */; };
		9E16EAB71498D60500D5C84D /* AppDelegate.m in Sources */ = {isa = PBXBuildFile; fileRef = 9E16EAAA1498D60500D5C84D /* AppDelegate.m */; };
		9E16EAB81498D60500D5C84D /* AsyncRequest.m in Sources */ = {isa = PBXBuildFile; fileRef = 9E16EAAC1498D60500D5C84D /* AsyncRequest.m */; };
		9E16EAB91498D60500D5C84D /* DetailViewController.m in Sources */ = {isa = PBXBuildFile; fileRef = 9E16EAAF1498D60500D5C84D /* DetailViewController.m */; };
		9E16EABA1498D60500D5C84D /* MasterViewController.m in Sources */ = {isa = PBXBuildFile; fileRef = 9E16EAB11498D60500D5C84D /* MasterViewController.m */; };
		9E16EABB1498D60500D5C84D /* MovieCell.m in Sources */ = {isa = PBXBuildFile; fileRef = 9E16EAB31498D60500D5C84D /* MovieCell.m */; };
		9E16EABC1498D60500D5C84D /* PlaylistParser.m in Sources */ = {isa = PBXBuildFile; fileRef = 9E16EAB51498D60500D5C84D /* PlaylistParser.m */; };
		9E16EABF1498D62400D5C84D /* HSVideoPlayer.xib in Resources */ = {isa = PBXBuildFile; fileRef = 9E16EABD1498D62400D5C84D /* HSVideoPlayer.xib */; };
		9E16EAC01498D62400D5C84D /* MainStoryboard.storyboard in Resources */ = {isa = PBXBuildFile; fileRef = 9E16EABE1498D62400D5C84D /* MainStoryboard.storyboard */; };
		9E16EAC81498D64C00D5C84D /* fullscreen-exit.png in Resources */ = {isa = PBXBuildFile; fileRef = 9E16EAC21498D64C00D5C84D /* fullscreen-exit.png */; };
		9E16EAC91498D64C00D5C84D /* icon-72.png in Resources */ = {isa = PBXBuildFile; fileRef = 9E16EAC31498D64C00D5C84D /* icon-72.png */; };
		9E16EACA1498D64C00D5C84D /* pause.png in Resources */ = {isa = PBXBuildFile; fileRef = 9E16EAC41498D64C00D5C84D /* pause.png */; };
		9E16EACB1498D64C00D5C84D /* play.png in Resources */ = {isa = PBXBuildFile; fileRef = 9E16EAC51498D64C00D5C84D /* play.png */; };
		9E16EACC1498D64C00D5C84D /* volume-max.png in Resources */ = {isa = PBXBuildFile; fileRef = 9E16EAC61498D64C00D5C84D /* volume-max.png */; };
		9E16EACD1498D64C00D5C84D /* volume-min.png in Resources */ = {isa = PBXBuildFile; fileRef = 9E16EAC71498D64C00D5C84D /* volume-min.png */; };
		9E31B5E41498D2880040249E /* UIKit.framework in Frameworks */ = {isa = PBXBuildFile; fileRef = 9E31B5E31498D2880040249E /* UIKit.framework */; };
		9E31B5E61498D2880040249E /* Foundation.framework in Frameworks */ = {isa = PBXBuildFile; fileRef = 9E31B5E51498D2880040249E /* Foundation.framework */; };
		9E31B5E81498D2880040249E /* CoreGraphics.framework in Frameworks */ = {isa = PBXBuildFile; fileRef = 9E31B5E71498D2880040249E /* CoreGraphics.framework */; };
		9E31B5EE1498D2880040249E /* InfoPlist.strings in Resources */ = {isa = PBXBuildFile; fileRef = 9E31B5EC1498D2880040249E /* InfoPlist.strings */; };
		9E31B5F01498D2880040249E /* main.m in Sources */ = {isa = PBXBuildFile; fileRef = 9E31B5EF1498D2880040249E /* main.m */; };
		9E31B62C1498D48C0040249E /* AVFoundation.framework in Frameworks */ = {isa = PBXBuildFile; fileRef = 9E31B62B1498D48C0040249E /* AVFoundation.framework */; };
		9E31B62F1498D4930040249E /* CoreMedia.framework in Frameworks */ = {isa = PBXBuildFile; fileRef = 9E31B62D1498D4930040249E /* CoreMedia.framework */; };
		9E31B6301498D4930040249E /* MediaPlayer.framework in Frameworks */ = {isa = PBXBuildFile; fileRef = 9E31B62E1498D4930040249E /* MediaPlayer.framework */; };
/* End PBXBuildFile section */

/* Begin PBXFileReference section */
		9E16EAA01498D5E300D5C84D /* HSVideoViewController.h */ = {isa = PBXFileReference; fileEncoding = 4; lastKnownFileType = sourcecode.c.h; name = HSVideoViewController.h; path = Classes/VideoPlayer/HSVideoViewController.h; sourceTree = "<group>"; };
		9E16EAA11498D5E300D5C84D /* HSVideoViewController.m */ = {isa = PBXFileReference; fileEncoding = 4; lastKnownFileType = sourcecode.c.objc; name = HSVideoViewController.m; path = Classes/VideoPlayer/HSVideoViewController.m; sourceTree = "<group>"; };
		9E16EAA21498D5E300D5C84D /* PlaybackView.h */ = {isa = PBXFileReference; fileEncoding = 4; lastKnownFileType = sourcecode.c.h; name = PlaybackView.h; path = Classes/VideoPlayer/PlaybackView.h; sourceTree = "<group>"; };
		9E16EAA31498D5E300D5C84D /* PlaybackView.m */ = {isa = PBXFileReference; fileEncoding = 4; lastKnownFileType = sourcecode.c.objc; name = PlaybackView.m; path = Classes/VideoPlayer/PlaybackView.m; sourceTree = "<group>"; };
		9E16EAA41498D5E300D5C84D /* UpperControlBar.h */ = {isa = PBXFileReference; fileEncoding = 4; lastKnownFileType = sourcecode.c.h; name = UpperControlBar.h; path = Classes/VideoPlayer/UpperControlBar.h; sourceTree = "<group>"; };
		9E16EAA51498D5E300D5C84D /* UpperControlBar.m */ = {isa = PBXFileReference; fileEncoding = 4; lastKnownFileType = sourcecode.c.objc; name = UpperControlBar.m; path = Classes/VideoPlayer/UpperControlBar.m; sourceTree = "<group>"; };
		9E16EAA91498D60500D5C84D /* AppDelegate.h */ = {isa = PBXFileReference; fileEncoding = 4; lastKnownFileType = sourcecode.c.h; name = AppDelegate.h; path = Classes/AppDelegate.h; sourceTree = "<group>"; };
		9E16EAAA1498D60500D5C84D /* AppDelegate.m */ = {isa = PBXFileReference; fileEncoding = 4; lastKnownFileType = sourcecode.c.objc; name = AppDelegate.m; path = Classes/AppDelegate.m; sourceTree = "<group>"; };
		9E16EAAB1498D60500D5C84D /* AsyncRequest.h */ = {isa = PBXFileReference; fileEncoding = 4; lastKnownFileType = sourcecode.c.h; name = AsyncRequest.h; path = Classes/AsyncRequest.h; sourceTree = "<group>"; };
		9E16EAAC1498D60500D5C84D /* AsyncRequest.m */ = {isa = PBXFileReference; fileEncoding = 4; lastKnownFileType = sourcecode.c.objc; name = AsyncRequest.m; path = Classes/AsyncRequest.m; sourceTree = "<group>"; };
		9E16EAAD1498D60500D5C84D /* AsyncRequestDelegate.h */ = {isa = PBXFileReference; fileEncoding = 4; lastKnownFileType = sourcecode.c.h; name = AsyncRequestDelegate.h; path = Classes/AsyncRequestDelegate.h; sourceTree = "<group>"; };
		9E16EAAE1498D60500D5C84D /* DetailViewController.h */ = {isa = PBXFileReference; fileEncoding = 4; lastKnownFileType = sourcecode.c.h; name = DetailViewController.h; path = Classes/DetailViewController.h; sourceTree = "<group>"; };
		9E16EAAF1498D60500D5C84D /* DetailViewController.m */ = {isa = PBXFileReference; fileEncoding = 4; lastKnownFileType = sourcecode.c.objc; name = DetailViewController.m; path = Classes/DetailViewController.m; sourceTree = "<group>"; };
		9E16EAB01498D60500D5C84D /* MasterViewController.h */ = {isa = PBXFileReference; fileEncoding = 4; lastKnownFileType = sourcecode.c.h; name = MasterViewController.h; path = Classes/MasterViewController.h; sourceTree = "<group>"; };
		9E16EAB11498D60500D5C84D /* MasterViewController.m */ = {isa = PBXFileReference; fileEncoding = 4; lastKnownFileType = sourcecode.c.objc; name = MasterViewController.m; path = Classes/MasterViewController.m; sourceTree = "<group>"; };
		9E16EAB21498D60500D5C84D /* MovieCell.h */ = {isa = PBXFileReference; fileEncoding = 4; lastKnownFileType = sourcecode.c.h; name = MovieCell.h; path = Classes/MovieCell.h; sourceTree = "<group>"; };
		9E16EAB31498D60500D5C84D /* MovieCell.m */ = {isa = PBXFileReference; fileEncoding = 4; lastKnownFileType = sourcecode.c.objc; name = MovieCell.m; path = Classes/MovieCell.m; sourceTree = "<group>"; };
		9E16EAB41498D60500D5C84D /* PlaylistParser.h */ = {isa = PBXFileReference; fileEncoding = 4; lastKnownFileType = sourcecode.c.h; name = PlaylistParser.h; path = Classes/PlaylistParser.h; sourceTree = "<group>"; };
		9E16EAB51498D60500D5C84D /* PlaylistParser.m */ = {isa = PBXFileReference; fileEncoding = 4; lastKnownFileType = sourcecode.c.objc; name = PlaylistParser.m; path = Classes/PlaylistParser.m; sourceTree = "<group>"; };
		9E16EAB61498D60500D5C84D /* PlaylistParserDelegate.h */ = {isa = PBXFileReference; fileEncoding = 4; lastKnownFileType = sourcecode.c.h; name = PlaylistParserDelegate.h; path = Classes/PlaylistParserDelegate.h; sourceTree = "<group>"; };
		9E16EABD1498D62400D5C84D /* HSVideoPlayer.xib */ = {isa = PBXFileReference; fileEncoding = 4; lastKnownFileType = file.xib; name = HSVideoPlayer.xib; path = hls/Resources/HSVideoPlayer.xib; sourceTree = "<group>"; };
		9E16EABE1498D62400D5C84D /* MainStoryboard.storyboard */ = {isa = PBXFileReference; fileEncoding = 4; lastKnownFileType = file.storyboard; name = MainStoryboard.storyboard; path = hls/Resources/MainStoryboard.storyboard; sourceTree = "<group>"; };
		9E16EAC21498D64C00D5C84D /* fullscreen-exit.png */ = {isa = PBXFileReference; lastKnownFileType = image.png; name = "fullscreen-exit.png"; path = "hls/Resources/images/fullscreen-exit.png"; sourceTree = "<group>"; };
		9E16EAC31498D64C00D5C84D /* icon-72.png */ = {isa = PBXFileReference; lastKnownFileType = image.png; name = "icon-72.png"; path = "hls/Resources/images/icon-72.png"; sourceTree = "<group>"; };
		9E16EAC41498D64C00D5C84D /* pause.png */ = {isa = PBXFileReference; lastKnownFileType = image.png; name = pause.png; path = hls/Resources/images/pause.png; sourceTree = "<group>"; };
		9E16EAC51498D64C00D5C84D /* play.png */ = {isa = PBXFileReference; lastKnownFileType = image.png; name = play.png; path = hls/Resources/images/play.png; sourceTree = "<group>"; };
		9E16EAC61498D64C00D5C84D /* volume-max.png */ = {isa = PBXFileReference; lastKnownFileType = image.png; name = "volume-max.png"; path = "hls/Resources/images/volume-max.png"; sourceTree = "<group>"; };
		9E16EAC71498D64C00D5C84D /* volume-min.png */ = {isa = PBXFileReference; lastKnownFileType = image.png; name = "volume-min.png"; path = "hls/Resources/images/volume-min.png"; sourceTree = "<group>"; };
		9E31B5DF1498D2880040249E /* hls.app */ = {isa = PBXFileReference; explicitFileType = wrapper.application; includeInIndex = 0; path = hls.app; sourceTree = BUILT_PRODUCTS_DIR; };
		9E31B5E31498D2880040249E /* UIKit.framework */ = {isa = PBXFileReference; lastKnownFileType = wrapper.framework; name = UIKit.framework; path = System/Library/Frameworks/UIKit.framework; sourceTree = SDKROOT; };
		9E31B5E51498D2880040249E /* Foundation.framework */ = {isa = PBXFileReference; lastKnownFileType = wrapper.framework; name = Foundation.framework; path = System/Library/Frameworks/Foundation.framework; sourceTree = SDKROOT; };
		9E31B5E71498D2880040249E /* CoreGraphics.framework */ = {isa = PBXFileReference; lastKnownFileType = wrapper.framework; name = CoreGraphics.framework; path = System/Library/Frameworks/CoreGraphics.framework; sourceTree = SDKROOT; };
		9E31B5EB1498D2880040249E /* hls-Info.plist */ = {isa = PBXFileReference; lastKnownFileType = text.plist.xml; path = "hls-Info.plist"; sourceTree = "<group>"; };
		9E31B5ED1498D2880040249E /* en */ = {isa = PBXFileReference; lastKnownFileType = text.plist.strings; name = en; path = en.lproj/InfoPlist.strings; sourceTree = "<group>"; };
		9E31B5EF1498D2880040249E /* main.m */ = {isa = PBXFileReference; lastKnownFileType = sourcecode.c.objc; path = main.m; sourceTree = "<group>"; };
		9E31B5F11498D2880040249E /* hls-Prefix.pch */ = {isa = PBXFileReference; lastKnownFileType = sourcecode.c.h; path = "hls-Prefix.pch"; sourceTree = "<group>"; };
		9E31B62B1498D48C0040249E /* AVFoundation.framework */ = {isa = PBXFileReference; lastKnownFileType = wrapper.framework; name = AVFoundation.framework; path = System/Library/Frameworks/AVFoundation.framework; sourceTree = SDKROOT; };
		9E31B62D1498D4930040249E /* CoreMedia.framework */ = {isa = PBXFileReference; lastKnownFileType = wrapper.framework; name = CoreMedia.framework; path = System/Library/Frameworks/CoreMedia.framework; sourceTree = SDKROOT; };
		9E31B62E1498D4930040249E /* MediaPlayer.framework */ = {isa = PBXFileReference; lastKnownFileType = wrapper.framework; name = MediaPlayer.framework; path = System/Library/Frameworks/MediaPlayer.framework; sourceTree = SDKROOT; };
/* End PBXFileReference section */

/* Begin PBXFrameworksBuildPhase section */
		9E31B5DC1498D2880040249E /* Frameworks */ = {
			isa = PBXFrameworksBuildPhase;
			buildActionMask = 2147483647;
			files = (
				9E31B62F1498D4930040249E /* CoreMedia.framework in Frameworks */,
				9E31B6301498D4930040249E /* MediaPlayer.framework in Frameworks */,
				9E31B62C1498D48C0040249E /* AVFoundation.framework in Frameworks */,
				9E31B5E41498D2880040249E /* UIKit.framework in Frameworks */,
				9E31B5E61498D2880040249E /* Foundation.framework in Frameworks */,
				9E31B5E81498D2880040249E /* CoreGraphics.framework in Frameworks */,
			);
			runOnlyForDeploymentPostprocessing = 0;
		};
/* End PBXFrameworksBuildPhase section */

/* Begin PBXGroup section */
		9E16EA9F1498D5BC00D5C84D /* VideoPlayer */ = {
			isa = PBXGroup;
			children = (
				9E16EAA01498D5E300D5C84D /* HSVideoViewController.h */,
				9E16EAA11498D5E300D5C84D /* HSVideoViewController.m */,
				9E16EAA21498D5E300D5C84D /* PlaybackView.h */,
				9E16EAA31498D5E300D5C84D /* PlaybackView.m */,
				9E16EAA41498D5E300D5C84D /* UpperControlBar.h */,
				9E16EAA51498D5E300D5C84D /* UpperControlBar.m */,
			);
			name = VideoPlayer;
			sourceTree = "<group>";
		};
		9E16EAC11498D62B00D5C84D /* images */ = {
			isa = PBXGroup;
			children = (
				9E16EAC21498D64C00D5C84D /* fullscreen-exit.png */,
				9E16EAC31498D64C00D5C84D /* icon-72.png */,
				9E16EAC41498D64C00D5C84D /* pause.png */,
				9E16EAC51498D64C00D5C84D /* play.png */,
				9E16EAC61498D64C00D5C84D /* volume-max.png */,
				9E16EAC71498D64C00D5C84D /* volume-min.png */,
			);
			name = images;
			sourceTree = "<group>";
		};
		9E31B5D41498D2880040249E = {
			isa = PBXGroup;
			children = (
				9E31B5EA1498D2880040249E /* Supporting Files */,
				9E31B60A1498D33D0040249E /* Resources */,
				9E31B6091498D3140040249E /* Classes */,
				9E31B5E21498D2880040249E /* Frameworks */,
				9E31B5E01498D2880040249E /* Products */,
			);
			sourceTree = "<group>";
		};
		9E31B5E01498D2880040249E /* Products */ = {
			isa = PBXGroup;
			children = (
				9E31B5DF1498D2880040249E /* hls.app */,
			);
			name = Products;
			sourceTree = "<group>";
		};
		9E31B5E21498D2880040249E /* Frameworks */ = {
			isa = PBXGroup;
			children = (
				9E31B62D1498D4930040249E /* CoreMedia.framework */,
				9E31B62E1498D4930040249E /* MediaPlayer.framework */,
				9E31B62B1498D48C0040249E /* AVFoundation.framework */,
				9E31B5E31498D2880040249E /* UIKit.framework */,
				9E31B5E51498D2880040249E /* Foundation.framework */,
				9E31B5E71498D2880040249E /* CoreGraphics.framework */,
			);
			name = Frameworks;
			sourceTree = "<group>";
		};
		9E31B5EA1498D2880040249E /* Supporting Files */ = {
			isa = PBXGroup;
			children = (
				9E31B5EB1498D2880040249E /* hls-Info.plist */,
				9E31B5EC1498D2880040249E /* InfoPlist.strings */,
				9E31B5EF1498D2880040249E /* main.m */,
				9E31B5F11498D2880040249E /* hls-Prefix.pch */,
			);
			name = "Supporting Files";
			path = hls;
			sourceTree = "<group>";
		};
		9E31B6091498D3140040249E /* Classes */ = {
			isa = PBXGroup;
			children = (
				9E16EAA91498D60500D5C84D /* AppDelegate.h */,
				9E16EAAA1498D60500D5C84D /* AppDelegate.m */,
				9E16EAAB1498D60500D5C84D /* AsyncRequest.h */,
				9E16EAAC1498D60500D5C84D /* AsyncRequest.m */,
				9E16EAAD1498D60500D5C84D /* AsyncRequestDelegate.h */,
				9E16EAAE1498D60500D5C84D /* DetailViewController.h */,
				9E16EAAF1498D60500D5C84D /* DetailViewController.m */,
				9E16EAB01498D60500D5C84D /* MasterViewController.h */,
				9E16EAB11498D60500D5C84D /* MasterViewController.m */,
				9E16EAB21498D60500D5C84D /* MovieCell.h */,
				9E16EAB31498D60500D5C84D /* MovieCell.m */,
				9E16EAB41498D60500D5C84D /* PlaylistParser.h */,
				9E16EAB51498D60500D5C84D /* PlaylistParser.m */,
				9E16EAB61498D60500D5C84D /* PlaylistParserDelegate.h */,
				9E16EA9F1498D5BC00D5C84D /* VideoPlayer */,
			);
			name = Classes;
			path = hls;
			sourceTree = "<group>";
		};
		9E31B60A1498D33D0040249E /* Resources */ = {
			isa = PBXGroup;
			children = (
				9E16EAC11498D62B00D5C84D /* images */,
				9E16EABD1498D62400D5C84D /* HSVideoPlayer.xib */,
				9E16EABE1498D62400D5C84D /* MainStoryboard.storyboard */,
			);
			name = Resources;
			sourceTree = "<group>";
		};
/* End PBXGroup section */

/* Begin PBXNativeTarget section */
		9E31B5DE1498D2880040249E /* hls */ = {
			isa = PBXNativeTarget;
			buildConfigurationList = 9E31B6001498D2880040249E /* Build configuration list for PBXNativeTarget "hls" */;
			buildPhases = (
				9E31B5DB1498D2880040249E /* Sources */,
				9E31B5DC1498D2880040249E /* Frameworks */,
				9E31B5DD1498D2880040249E /* Resources */,
			);
			buildRules = (
			);
			dependencies = (
			);
			name = hls;
			productName = hls;
			productReference = 9E31B5DF1498D2880040249E /* hls.app */;
			productType = "com.apple.product-type.application";
		};
/* End PBXNativeTarget section */

/* Begin PBXProject section */
		9E31B5D61498D2880040249E /* Project object */ = {
			isa = PBXProject;
			attributes = {
				LastUpgradeCheck = 0420;
			};
			buildConfigurationList = 9E31B5D91498D2880040249E /* Build configuration list for PBXProject "hls" */;
			compatibilityVersion = "Xcode 3.2";
			developmentRegion = English;
			hasScannedForEncodings = 0;
			knownRegions = (
				en,
			);
			mainGroup = 9E31B5D41498D2880040249E;
			productRefGroup = 9E31B5E01498D2880040249E /* Products */;
			projectDirPath = "";
			projectRoot = "";
			targets = (
				9E31B5DE1498D2880040249E /* hls */,
			);
		};
/* End PBXProject section */

/* Begin PBXResourcesBuildPhase section */
		9E31B5DD1498D2880040249E /* Resources */ = {
			isa = PBXResourcesBuildPhase;
			buildActionMask = 2147483647;
			files = (
				9E31B5EE1498D2880040249E /* InfoPlist.strings in Resources */,
				9E16EABF1498D62400D5C84D /* HSVideoPlayer.xib in Resources */,
				9E16EAC01498D62400D5C84D /* MainStoryboard.storyboard in Resources */,
				9E16EAC81498D64C00D5C84D /* fullscreen-exit.png in Resources */,
				9E16EAC91498D64C00D5C84D /* icon-72.png in Resources */,
				9E16EACA1498D64C00D5C84D /* pause.png in Resources */,
				9E16EACB1498D64C00D5C84D /* play.png in Resources */,
				9E16EACC1498D64C00D5C84D /* volume-max.png in Resources */,
				9E16EACD1498D64C00D5C84D /* volume-min.png in Resources */,
			);
			runOnlyForDeploymentPostprocessing = 0;
		};
/* End PBXResourcesBuildPhase section */

/* Begin PBXSourcesBuildPhase section */
		9E31B5DB1498D2880040249E /* Sources */ = {
			isa = PBXSourcesBuildPhase;
			buildActionMask = 2147483647;
			files = (
				9E31B5F01498D2880040249E /* main.m in Sources */,
				9E16EAA61498D5E300D5C84D /* HSVideoViewController.m in Sources */,
				9E16EAA71498D5E300D5C84D /* PlaybackView.m in Sources */,
				9E16EAA81498D5E300D5C84D /* UpperControlBar.m in Sources */,
				9E16EAB71498D60500D5C84D /* AppDelegate.m in Sources */,
				9E16EAB81498D60500D5C84D /* AsyncRequest.m in Sources */,
				9E16EAB91498D60500D5C84D /* DetailViewController.m in Sources */,
				9E16EABA1498D60500D5C84D /* MasterViewController.m in Sources */,
				9E16EABB1498D60500D5C84D /* MovieCell.m in Sources */,
				9E16EABC1498D60500D5C84D /* PlaylistParser.m in Sources */,
			);
			runOnlyForDeploymentPostprocessing = 0;
		};
/* End PBXSourcesBuildPhase section */

/* Begin PBXVariantGroup section */
		9E31B5EC1498D2880040249E /* InfoPlist.strings */ = {
			isa = PBXVariantGroup;
			children = (
				9E31B5ED1498D2880040249E /* en */,
			);
			name = InfoPlist.strings;
			sourceTree = "<group>";
		};
/* End PBXVariantGroup section */

/* Begin XCBuildConfiguration section */
		9E31B5FE1498D2880040249E /* Debug */ = {
			isa = XCBuildConfiguration;
			buildSettings = {
				ALWAYS_SEARCH_USER_PATHS = NO;
				ARCHS = "$(ARCHS_STANDARD_32_BIT)";
				"CODE_SIGN_IDENTITY[sdk=iphoneos*]" = "iPhone Developer";
				COPY_PHASE_STRIP = NO;
				GCC_C_LANGUAGE_STANDARD = gnu99;
				GCC_DYNAMIC_NO_PIC = NO;
				GCC_OPTIMIZATION_LEVEL = 0;
				GCC_PREPROCESSOR_DEFINITIONS = (
					"DEBUG=1",
					"$(inherited)",
				);
				GCC_SYMBOLS_PRIVATE_EXTERN = NO;
				GCC_VERSION = com.apple.compilers.llvm.clang.1_0;
				GCC_WARN_ABOUT_MISSING_PROTOTYPES = YES;
				GCC_WARN_ABOUT_RETURN_TYPE = YES;
				GCC_WARN_UNUSED_VARIABLE = YES;
				IPHONEOS_DEPLOYMENT_TARGET = 5.0;
				SDKROOT = iphoneos;
				TARGETED_DEVICE_FAMILY = 2;
			};
			name = Debug;
		};
		9E31B5FF1498D2880040249E /* Release */ = {
			isa = XCBuildConfiguration;
			buildSettings = {
				ALWAYS_SEARCH_USER_PATHS = NO;
				ARCHS = "$(ARCHS_STANDARD_32_BIT)";
				"CODE_SIGN_IDENTITY[sdk=iphoneos*]" = "iPhone Developer";
				COPY_PHASE_STRIP = YES;
				GCC_C_LANGUAGE_STANDARD = gnu99;
				GCC_VERSION = com.apple.compilers.llvm.clang.1_0;
				GCC_WARN_ABOUT_MISSING_PROTOTYPES = YES;
				GCC_WARN_ABOUT_RETURN_TYPE = YES;
				GCC_WARN_UNUSED_VARIABLE = YES;
				IPHONEOS_DEPLOYMENT_TARGET = 5.0;
				OTHER_CFLAGS = "-DNS_BLOCK_ASSERTIONS=1";
				SDKROOT = iphoneos;
				TARGETED_DEVICE_FAMILY = 2;
				VALIDATE_PRODUCT = YES;
			};
			name = Release;
		};
		9E31B6011498D2880040249E /* Debug */ = {
			isa = XCBuildConfiguration;
			buildSettings = {
				GCC_PRECOMPILE_PREFIX_HEADER = YES;
				GCC_PREFIX_HEADER = "hls/hls-Prefix.pch";
				INFOPLIST_FILE = "hls/hls-Info.plist";
				PRODUCT_NAME = "$(TARGET_NAME)";
				WRAPPER_EXTENSION = app;
			};
			name = Debug;
		};
		9E31B6021498D2880040249E /* Release */ = {
			isa = XCBuildConfiguration;
			buildSettings = {
				GCC_PRECOMPILE_PREFIX_HEADER = YES;
				GCC_PREFIX_HEADER = "hls/hls-Prefix.pch";
				INFOPLIST_FILE = "hls/hls-Info.plist";
				PRODUCT_NAME = "$(TARGET_NAME)";
				WRAPPER_EXTENSION = app;
			};
			name = Release;
		};
/* End XCBuildConfiguration section */

/* Begin XCConfigurationList section */
		9E31B5D91498D2880040249E /* Build configuration list for PBXProject "hls" */ = {
			isa = XCConfigurationList;
			buildConfigurations = (
				9E31B5FE1498D2880040249E /* Debug */,
				9E31B5FF1498D2880040249E /* Release */,
			);
			defaultConfigurationIsVisible = 0;
			defaultConfigurationName = Release;
		};
		9E31B6001498D2880040249E /* Build configuration list for PBXNativeTarget "hls" */ = {
			isa = XCConfigurationList;
			buildConfigurations = (
				9E31B6011498D2880040249E /* Debug */,
				9E31B6021498D2880040249E /* Release */,
			);
			defaultConfigurationIsVisible = 0;
			defaultConfigurationName = Release;
		};
/* End XCConfigurationList section */
	};
	rootObject = 9E31B5D61498D2880040249E /* Project object */;
}
