// !$*UTF8*$!
{
	archiveVersion = 1;
	classes = {
	};
	objectVersion = 46;
	objects = {

/* Begin PBXBuildFile section */
		9E011440148783BD00F6CDDC /* AppDelegate.m in Sources */ = {isa = PBXBuildFile; fileRef = 9E011439148783BD00F6CDDC /* AppDelegate.m */; };
		9E011441148783BD00F6CDDC /* ControlBar.m in Sources */ = {isa = PBXBuildFile; fileRef = 9E01143B148783BD00F6CDDC /* ControlBar.m */; };
		9E011442148783BD00F6CDDC /* HSVideoController.m in Sources */ = {isa = PBXBuildFile; fileRef = 9E01143D148783BD00F6CDDC /* HSVideoController.m */; };
		9E011443148783BD00F6CDDC /* ViewController.m in Sources */ = {isa = PBXBuildFile; fileRef = 9E01143F148783BD00F6CDDC /* ViewController.m */; };
		9E011446148783D100F6CDDC /* HSVideoPlayer.xib in Resources */ = {isa = PBXBuildFile; fileRef = 9E011444148783D100F6CDDC /* HSVideoPlayer.xib */; };
		9E011447148783D100F6CDDC /* ViewController.xib in Resources */ = {isa = PBXBuildFile; fileRef = 9E011445148783D100F6CDDC /* ViewController.xib */; };
		9E01144B148783D800F6CDDC /* fullscreen.png in Resources */ = {isa = PBXBuildFile; fileRef = 9E011448148783D800F6CDDC /* fullscreen.png */; };
		9E01144C148783D800F6CDDC /* pause.png in Resources */ = {isa = PBXBuildFile; fileRef = 9E011449148783D800F6CDDC /* pause.png */; };
		9E01144D148783D800F6CDDC /* play.png in Resources */ = {isa = PBXBuildFile; fileRef = 9E01144A148783D800F6CDDC /* play.png */; };
		F61B38761486CCF100D95F55 /* CoreMedia.framework in Frameworks */ = {isa = PBXBuildFile; fileRef = F61B38751486CCF100D95F55 /* CoreMedia.framework */; };
		F61B38781486CCFC00D95F55 /* AVFoundation.framework in Frameworks */ = {isa = PBXBuildFile; fileRef = F61B38771486CCFB00D95F55 /* AVFoundation.framework */; };
		F6CE8C2C147E9915009D7FAF /* UIKit.framework in Frameworks */ = {isa = PBXBuildFile; fileRef = F6CE8C2B147E9915009D7FAF /* UIKit.framework */; };
		F6CE8C2E147E9915009D7FAF /* Foundation.framework in Frameworks */ = {isa = PBXBuildFile; fileRef = F6CE8C2D147E9915009D7FAF /* Foundation.framework */; };
		F6CE8C30147E9915009D7FAF /* CoreGraphics.framework in Frameworks */ = {isa = PBXBuildFile; fileRef = F6CE8C2F147E9915009D7FAF /* CoreGraphics.framework */; };
		F6CE8C36147E9915009D7FAF /* InfoPlist.strings in Resources */ = {isa = PBXBuildFile; fileRef = F6CE8C34147E9915009D7FAF /* InfoPlist.strings */; };
		F6CE8C38147E9915009D7FAF /* main.m in Sources */ = {isa = PBXBuildFile; fileRef = F6CE8C37147E9915009D7FAF /* main.m */; };
/* End PBXBuildFile section */

/* Begin PBXFileReference section */
		9E011438148783BD00F6CDDC /* AppDelegate.h */ = {isa = PBXFileReference; fileEncoding = 4; lastKnownFileType = sourcecode.c.h; name = AppDelegate.h; path = Classes/AppDelegate.h; sourceTree = "<group>"; };
		9E011439148783BD00F6CDDC /* AppDelegate.m */ = {isa = PBXFileReference; fileEncoding = 4; lastKnownFileType = sourcecode.c.objc; name = AppDelegate.m; path = Classes/AppDelegate.m; sourceTree = "<group>"; };
		9E01143A148783BD00F6CDDC /* ControlBar.h */ = {isa = PBXFileReference; fileEncoding = 4; lastKnownFileType = sourcecode.c.h; name = ControlBar.h; path = Classes/ControlBar.h; sourceTree = "<group>"; };
		9E01143B148783BD00F6CDDC /* ControlBar.m */ = {isa = PBXFileReference; fileEncoding = 4; lastKnownFileType = sourcecode.c.objc; name = ControlBar.m; path = Classes/ControlBar.m; sourceTree = "<group>"; };
		9E01143C148783BD00F6CDDC /* HSVideoController.h */ = {isa = PBXFileReference; fileEncoding = 4; lastKnownFileType = sourcecode.c.h; name = HSVideoController.h; path = Classes/HSVideoController.h; sourceTree = "<group>"; };
		9E01143D148783BD00F6CDDC /* HSVideoController.m */ = {isa = PBXFileReference; fileEncoding = 4; lastKnownFileType = sourcecode.c.objc; name = HSVideoController.m; path = Classes/HSVideoController.m; sourceTree = "<group>"; };
		9E01143E148783BD00F6CDDC /* ViewController.h */ = {isa = PBXFileReference; fileEncoding = 4; lastKnownFileType = sourcecode.c.h; name = ViewController.h; path = Classes/ViewController.h; sourceTree = "<group>"; };
		9E01143F148783BD00F6CDDC /* ViewController.m */ = {isa = PBXFileReference; fileEncoding = 4; lastKnownFileType = sourcecode.c.objc; name = ViewController.m; path = Classes/ViewController.m; sourceTree = "<group>"; };
		9E011444148783D100F6CDDC /* HSVideoPlayer.xib */ = {isa = PBXFileReference; fileEncoding = 4; lastKnownFileType = file.xib; name = HSVideoPlayer.xib; path = Resources/HSVideoPlayer.xib; sourceTree = "<group>"; };
		9E011445148783D100F6CDDC /* ViewController.xib */ = {isa = PBXFileReference; fileEncoding = 4; lastKnownFileType = file.xib; name = ViewController.xib; path = Resources/ViewController.xib; sourceTree = "<group>"; };
		9E011448148783D800F6CDDC /* fullscreen.png */ = {isa = PBXFileReference; lastKnownFileType = image.png; name = fullscreen.png; path = Resources/images/fullscreen.png; sourceTree = "<group>"; };
		9E011449148783D800F6CDDC /* pause.png */ = {isa = PBXFileReference; lastKnownFileType = image.png; name = pause.png; path = Resources/images/pause.png; sourceTree = "<group>"; };
		9E01144A148783D800F6CDDC /* play.png */ = {isa = PBXFileReference; lastKnownFileType = image.png; name = play.png; path = Resources/images/play.png; sourceTree = "<group>"; };
		F61B38751486CCF100D95F55 /* CoreMedia.framework */ = {isa = PBXFileReference; lastKnownFileType = wrapper.framework; name = CoreMedia.framework; path = System/Library/Frameworks/CoreMedia.framework; sourceTree = SDKROOT; };
		F61B38771486CCFB00D95F55 /* AVFoundation.framework */ = {isa = PBXFileReference; lastKnownFileType = wrapper.framework; name = AVFoundation.framework; path = System/Library/Frameworks/AVFoundation.framework; sourceTree = SDKROOT; };
		F6CE8C27147E9915009D7FAF /* hls.app */ = {isa = PBXFileReference; explicitFileType = wrapper.application; includeInIndex = 0; path = hls.app; sourceTree = BUILT_PRODUCTS_DIR; };
		F6CE8C2B147E9915009D7FAF /* UIKit.framework */ = {isa = PBXFileReference; lastKnownFileType = wrapper.framework; name = UIKit.framework; path = System/Library/Frameworks/UIKit.framework; sourceTree = SDKROOT; };
		F6CE8C2D147E9915009D7FAF /* Foundation.framework */ = {isa = PBXFileReference; lastKnownFileType = wrapper.framework; name = Foundation.framework; path = System/Library/Frameworks/Foundation.framework; sourceTree = SDKROOT; };
		F6CE8C2F147E9915009D7FAF /* CoreGraphics.framework */ = {isa = PBXFileReference; lastKnownFileType = wrapper.framework; name = CoreGraphics.framework; path = System/Library/Frameworks/CoreGraphics.framework; sourceTree = SDKROOT; };
		F6CE8C33147E9915009D7FAF /* hls-Info.plist */ = {isa = PBXFileReference; lastKnownFileType = text.plist.xml; path = "hls-Info.plist"; sourceTree = "<group>"; };
		F6CE8C35147E9915009D7FAF /* en */ = {isa = PBXFileReference; lastKnownFileType = text.plist.strings; name = en; path = en.lproj/InfoPlist.strings; sourceTree = "<group>"; };
		F6CE8C37147E9915009D7FAF /* main.m */ = {isa = PBXFileReference; lastKnownFileType = sourcecode.c.objc; path = main.m; sourceTree = "<group>"; };
		F6CE8C39147E9915009D7FAF /* hls-Prefix.pch */ = {isa = PBXFileReference; lastKnownFileType = sourcecode.c.h; path = "hls-Prefix.pch"; sourceTree = "<group>"; };
/* End PBXFileReference section */

/* Begin PBXFrameworksBuildPhase section */
		F6CE8C24147E9915009D7FAF /* Frameworks */ = {
			isa = PBXFrameworksBuildPhase;
			buildActionMask = 2147483647;
			files = (
				F61B38781486CCFC00D95F55 /* AVFoundation.framework in Frameworks */,
				F61B38761486CCF100D95F55 /* CoreMedia.framework in Frameworks */,
				F6CE8C2C147E9915009D7FAF /* UIKit.framework in Frameworks */,
				F6CE8C2E147E9915009D7FAF /* Foundation.framework in Frameworks */,
				F6CE8C30147E9915009D7FAF /* CoreGraphics.framework in Frameworks */,
			);
			runOnlyForDeploymentPostprocessing = 0;
		};
/* End PBXFrameworksBuildPhase section */

/* Begin PBXGroup section */
		F61B386F1486C9A800D95F55 /* images */ = {
			isa = PBXGroup;
			children = (
				9E011448148783D800F6CDDC /* fullscreen.png */,
				9E011449148783D800F6CDDC /* pause.png */,
				9E01144A148783D800F6CDDC /* play.png */,
			);
			name = images;
			sourceTree = "<group>";
		};
		F61B38741486C9B800D95F55 /* Resources */ = {
			isa = PBXGroup;
			children = (
				9E011444148783D100F6CDDC /* HSVideoPlayer.xib */,
				9E011445148783D100F6CDDC /* ViewController.xib */,
				F61B386F1486C9A800D95F55 /* images */,
			);
			name = Resources;
			path = hls;
			sourceTree = "<group>";
		};
		F6CE8C1C147E9915009D7FAF = {
			isa = PBXGroup;
			children = (
				F61B38741486C9B800D95F55 /* Resources */,
				F6CE8C32147E9915009D7FAF /* Supporting Files */,
				F6CE8C31147E9915009D7FAF /* Classes */,
				F6CE8C2A147E9915009D7FAF /* Frameworks */,
				F6CE8C28147E9915009D7FAF /* Products */,
			);
			sourceTree = "<group>";
		};
		F6CE8C28147E9915009D7FAF /* Products */ = {
			isa = PBXGroup;
			children = (
				F6CE8C27147E9915009D7FAF /* hls.app */,
			);
			name = Products;
			sourceTree = "<group>";
		};
		F6CE8C2A147E9915009D7FAF /* Frameworks */ = {
			isa = PBXGroup;
			children = (
				F61B38771486CCFB00D95F55 /* AVFoundation.framework */,
				F61B38751486CCF100D95F55 /* CoreMedia.framework */,
				F6CE8C2B147E9915009D7FAF /* UIKit.framework */,
				F6CE8C2D147E9915009D7FAF /* Foundation.framework */,
				F6CE8C2F147E9915009D7FAF /* CoreGraphics.framework */,
			);
			name = Frameworks;
			sourceTree = "<group>";
		};
		F6CE8C31147E9915009D7FAF /* Classes */ = {
			isa = PBXGroup;
			children = (
				9E011438148783BD00F6CDDC /* AppDelegate.h */,
				9E011439148783BD00F6CDDC /* AppDelegate.m */,
				9E01143A148783BD00F6CDDC /* ControlBar.h */,
				9E01143B148783BD00F6CDDC /* ControlBar.m */,
				9E01143C148783BD00F6CDDC /* HSVideoController.h */,
				9E01143D148783BD00F6CDDC /* HSVideoController.m */,
				9E01143E148783BD00F6CDDC /* ViewController.h */,
				9E01143F148783BD00F6CDDC /* ViewController.m */,
			);
			name = Classes;
			path = hls;
			sourceTree = "<group>";
		};
		F6CE8C32147E9915009D7FAF /* Supporting Files */ = {
			isa = PBXGroup;
			children = (
				F6CE8C33147E9915009D7FAF /* hls-Info.plist */,
				F6CE8C34147E9915009D7FAF /* InfoPlist.strings */,
				F6CE8C37147E9915009D7FAF /* main.m */,
				F6CE8C39147E9915009D7FAF /* hls-Prefix.pch */,
			);
			name = "Supporting Files";
			path = hls;
			sourceTree = "<group>";
		};
/* End PBXGroup section */

/* Begin PBXNativeTarget section */
		F6CE8C26147E9915009D7FAF /* hls */ = {
			isa = PBXNativeTarget;
			buildConfigurationList = F6CE8C3F147E9915009D7FAF /* Build configuration list for PBXNativeTarget "hls" */;
			buildPhases = (
				F6CE8C23147E9915009D7FAF /* Sources */,
				F6CE8C24147E9915009D7FAF /* Frameworks */,
				F6CE8C25147E9915009D7FAF /* Resources */,
			);
			buildRules = (
			);
			dependencies = (
			);
			name = hls;
			productName = hls;
			productReference = F6CE8C27147E9915009D7FAF /* hls.app */;
			productType = "com.apple.product-type.application";
		};
/* End PBXNativeTarget section */

/* Begin PBXProject section */
		F6CE8C1E147E9915009D7FAF /* Project object */ = {
			isa = PBXProject;
			attributes = {
				LastUpgradeCheck = 0420;
				ORGANIZATIONNAME = commercetools.de;
			};
			buildConfigurationList = F6CE8C21147E9915009D7FAF /* Build configuration list for PBXProject "hls" */;
			compatibilityVersion = "Xcode 3.2";
			developmentRegion = English;
			hasScannedForEncodings = 0;
			knownRegions = (
				en,
			);
			mainGroup = F6CE8C1C147E9915009D7FAF;
			productRefGroup = F6CE8C28147E9915009D7FAF /* Products */;
			projectDirPath = "";
			projectRoot = "";
			targets = (
				F6CE8C26147E9915009D7FAF /* hls */,
			);
		};
/* End PBXProject section */

/* Begin PBXResourcesBuildPhase section */
		F6CE8C25147E9915009D7FAF /* Resources */ = {
			isa = PBXResourcesBuildPhase;
			buildActionMask = 2147483647;
			files = (
				F6CE8C36147E9915009D7FAF /* InfoPlist.strings in Resources */,
				9E011446148783D100F6CDDC /* HSVideoPlayer.xib in Resources */,
				9E011447148783D100F6CDDC /* ViewController.xib in Resources */,
				9E01144B148783D800F6CDDC /* fullscreen.png in Resources */,
				9E01144C148783D800F6CDDC /* pause.png in Resources */,
				9E01144D148783D800F6CDDC /* play.png in Resources */,
			);
			runOnlyForDeploymentPostprocessing = 0;
		};
/* End PBXResourcesBuildPhase section */

/* Begin PBXSourcesBuildPhase section */
		F6CE8C23147E9915009D7FAF /* Sources */ = {
			isa = PBXSourcesBuildPhase;
			buildActionMask = 2147483647;
			files = (
				F6CE8C38147E9915009D7FAF /* main.m in Sources */,
				9E011440148783BD00F6CDDC /* AppDelegate.m in Sources */,
				9E011441148783BD00F6CDDC /* ControlBar.m in Sources */,
				9E011442148783BD00F6CDDC /* HSVideoController.m in Sources */,
				9E011443148783BD00F6CDDC /* ViewController.m in Sources */,
			);
			runOnlyForDeploymentPostprocessing = 0;
		};
/* End PBXSourcesBuildPhase section */

/* Begin PBXVariantGroup section */
		F6CE8C34147E9915009D7FAF /* InfoPlist.strings */ = {
			isa = PBXVariantGroup;
			children = (
				F6CE8C35147E9915009D7FAF /* en */,
			);
			name = InfoPlist.strings;
			sourceTree = "<group>";
		};
/* End PBXVariantGroup section */

/* Begin XCBuildConfiguration section */
		F6CE8C3D147E9915009D7FAF /* Debug */ = {
			isa = XCBuildConfiguration;
			buildSettings = {
				ALWAYS_SEARCH_USER_PATHS = NO;
				ARCHS = "$(ARCHS_STANDARD_32_BIT)";
				"CODE_SIGN_IDENTITY[sdk=iphoneos*]" = "iPhone Developer";
				COPY_PHASE_STRIP = NO;
				GCC_C_LANGUAGE_STANDARD = gnu99;
				GCC_DYNAMIC_NO_PIC = NO;
				GCC_OPTIMIZATION_LEVEL = 0;
				GCC_PREPROCESSOR_DEFINITIONS = (
					"DEBUG=1",
					"$(inherited)",
				);
				GCC_SYMBOLS_PRIVATE_EXTERN = NO;
				GCC_VERSION = com.apple.compilers.llvm.clang.1_0;
				GCC_WARN_ABOUT_MISSING_PROTOTYPES = YES;
				GCC_WARN_ABOUT_RETURN_TYPE = YES;
				GCC_WARN_UNUSED_VARIABLE = YES;
				IPHONEOS_DEPLOYMENT_TARGET = 5.0;
				SDKROOT = iphoneos;
				TARGETED_DEVICE_FAMILY = 2;
			};
			name = Debug;
		};
		F6CE8C3E147E9915009D7FAF /* Release */ = {
			isa = XCBuildConfiguration;
			buildSettings = {
				ALWAYS_SEARCH_USER_PATHS = NO;
				ARCHS = "$(ARCHS_STANDARD_32_BIT)";
				"CODE_SIGN_IDENTITY[sdk=iphoneos*]" = "iPhone Developer";
				COPY_PHASE_STRIP = YES;
				GCC_C_LANGUAGE_STANDARD = gnu99;
				GCC_VERSION = com.apple.compilers.llvm.clang.1_0;
				GCC_WARN_ABOUT_MISSING_PROTOTYPES = YES;
				GCC_WARN_ABOUT_RETURN_TYPE = YES;
				GCC_WARN_UNUSED_VARIABLE = YES;
				IPHONEOS_DEPLOYMENT_TARGET = 5.0;
				OTHER_CFLAGS = "-DNS_BLOCK_ASSERTIONS=1";
				SDKROOT = iphoneos;
				TARGETED_DEVICE_FAMILY = 2;
				VALIDATE_PRODUCT = YES;
			};
			name = Release;
		};
		F6CE8C40147E9915009D7FAF /* Debug */ = {
			isa = XCBuildConfiguration;
			buildSettings = {
				GCC_PRECOMPILE_PREFIX_HEADER = YES;
				GCC_PREFIX_HEADER = "hls/hls-Prefix.pch";
				INFOPLIST_FILE = "hls/hls-Info.plist";
				PRODUCT_NAME = "$(TARGET_NAME)";
				WRAPPER_EXTENSION = app;
			};
			name = Debug;
		};
		F6CE8C41147E9915009D7FAF /* Release */ = {
			isa = XCBuildConfiguration;
			buildSettings = {
				GCC_PRECOMPILE_PREFIX_HEADER = YES;
				GCC_PREFIX_HEADER = "hls/hls-Prefix.pch";
				INFOPLIST_FILE = "hls/hls-Info.plist";
				PRODUCT_NAME = "$(TARGET_NAME)";
				WRAPPER_EXTENSION = app;
			};
			name = Release;
		};
/* End XCBuildConfiguration section */

/* Begin XCConfigurationList section */
		F6CE8C21147E9915009D7FAF /* Build configuration list for PBXProject "hls" */ = {
			isa = XCConfigurationList;
			buildConfigurations = (
				F6CE8C3D147E9915009D7FAF /* Debug */,
				F6CE8C3E147E9915009D7FAF /* Release */,
			);
			defaultConfigurationIsVisible = 0;
			defaultConfigurationName = Release;
		};
		F6CE8C3F147E9915009D7FAF /* Build configuration list for PBXNativeTarget "hls" */ = {
			isa = XCConfigurationList;
			buildConfigurations = (
				F6CE8C40147E9915009D7FAF /* Debug */,
				F6CE8C41147E9915009D7FAF /* Release */,
			);
			defaultConfigurationIsVisible = 0;
			defaultConfigurationName = Release;
		};
/* End XCConfigurationList section */
	};
	rootObject = F6CE8C1E147E9915009D7FAF /* Project object */;
}
